PODS:
  - Flutter (1.0.0)
  - Google-Mobile-Ads-SDK (9.14.0):
    - GoogleAppMeasurement (< 11.0, >= 7.0)
    - GoogleUserMessagingPlatform (>= 1.1)
  - google_mobile_ads (0.0.1):
    - Flutter
    - Google-Mobile-Ads-SDK (~> 9.13)
  - GoogleAppMeasurement (10.4.0):
    - GoogleAppMeasurement/AdIdSupport (= 10.4.0)
    - GoogleUtilities/AppDelegateSwizzler (~> 7.8)
    - GoogleUtilities/MethodSwizzler (~> 7.8)
    - GoogleUtilities/Network (~> 7.8)
    - "GoogleUtilities/NSData+zlib (~> 7.8)"
    - nanopb (< 2.30910.0, >= 2.30908.0)
  - GoogleAppMeasurement/AdIdSupport (10.4.0):
    - GoogleAppMeasurement/WithoutAdIdSupport (= 10.4.0)
    - GoogleUtilities/AppDelegateSwizzler (~> 7.8)
    - GoogleUtilities/MethodSwizzler (~> 7.8)
    - GoogleUtilities/Network (~> 7.8)
    - "GoogleUtilities/NSData+zlib (~> 7.8)"
    - nanopb (< 2.30910.0, >= 2.30908.0)
  - GoogleAppMeasurement/WithoutAdIdSupport (10.4.0):
    - GoogleUtilities/AppDelegateSwizzler (~> 7.8)
    - GoogleUtilities/MethodSwizzler (~> 7.8)
    - GoogleUtilities/Network (~> 7.8)
    - "GoogleUtilities/NSData+zlib (~> 7.8)"
    - nanopb (< 2.30910.0, >= 2.30908.0)
  - GoogleUserMessagingPlatform (2.0.1)
  - GoogleUtilities/AppDelegateSwizzler (7.11.0):
    - GoogleUtilities/Environment
    - GoogleUtilities/Logger
    - GoogleUtilities/Network
  - GoogleUtilities/Environment (7.11.0):
    - PromisesObjC (< 3.0, >= 1.2)
  - GoogleUtilities/Logger (7.11.0):
    - GoogleUtilities/Environment
  - GoogleUtilities/MethodSwizzler (7.11.0):
    - GoogleUtilities/Logger
  - GoogleUtilities/Network (7.11.0):
    - GoogleUtilities/Logger
    - "GoogleUtilities/NSData+zlib"
    - GoogleUtilities/Reachability
  - "GoogleUtilities/NSData+zlib (7.11.0)"
  - GoogleUtilities/Reachability (7.11.0):
    - GoogleUtilities/Logger
  - nanopb (2.30909.0):
    - nanopb/decode (= 2.30909.0)
    - nanopb/encode (= 2.30909.0)
  - nanopb/decode (2.30909.0)
  - nanopb/encode (2.30909.0)
  - PromisesObjC (2.1.1)
  - teads_admob_adapter (1.0.0):
    - Flutter
    - google_mobile_ads
    - teads_sdk_flutter
    - TeadsAdMobAdapter (>= 5.0.23)
  - teads_sdk_flutter (1.0.5):
    - Flutter
    - TeadsSDK (>= 5.0.23)
  - TeadsAdMobAdapter (5.0.23):
    - Google-Mobile-Ads-SDK (>= 9.0.0)
    - TeadsSDK (= 5.0.23)
  - TeadsSDK (5.0.23):
    - TeadsSDK/Core (= 5.0.23)
  - TeadsSDK/Core (5.0.23)

DEPENDENCIES:
  - Flutter (from `Flutter`)
  - google_mobile_ads (from `.symlinks/plugins/google_mobile_ads/ios`)
  - teads_admob_adapter (from `.symlinks/plugins/teads_admob_adapter/ios`)
  - teads_sdk_flutter (from `.symlinks/plugins/teads_sdk_flutter/ios`)

SPEC REPOS:
  trunk:
    - Google-Mobile-Ads-SDK
    - GoogleAppMeasurement
    - GoogleUserMessagingPlatform
    - GoogleUtilities
    - nanopb
    - PromisesObjC
    - TeadsAdMobAdapter
    - TeadsSDK

EXTERNAL SOURCES:
  Flutter:
    :path: Flutter
  google_mobile_ads:
    :path: ".symlinks/plugins/google_mobile_ads/ios"
  teads_admob_adapter:
    :path: ".symlinks/plugins/teads_admob_adapter/ios"
  teads_sdk_flutter:
    :path: ".symlinks/plugins/teads_sdk_flutter/ios"

SPEC CHECKSUMS:
  Flutter: f04841e97a9d0b0a8025694d0796dd46242b2854
  Google-Mobile-Ads-SDK: 4fe6304b771f8467d29978cb790ec1e56e646946
  google_mobile_ads: 6bfe04d9c9fd5c2a026e6f09ca2d97ae25b78f7e
  GoogleAppMeasurement: 173fa22ce7d62c29332568e853b39b2525a0e584
  GoogleUserMessagingPlatform: 5f8b30daf181805317b6b985bb51c1ff3beca054
  GoogleUtilities: c2bdc4cf2ce786c4d2e6b3bcfd599a25ca78f06f
  nanopb: b552cce312b6c8484180ef47159bc0f65a1f0431
  PromisesObjC: ab77feca74fa2823e7af4249b8326368e61014cb
  teads_admob_adapter: 0d44d61b656086ca65db5b47dc1bc105c6809d08
  teads_sdk_flutter: 39979359c25e5a7015c8ce3c30d8b3dbf0e01d78
  TeadsAdMobAdapter: 4e85b9fdf65e23b98730e2490f779489137ffdd1
  TeadsSDK: 7c587b17672eae22bb81d05ddb6e969d01a64f77

PODFILE CHECKSUM: 5cf11b41c1a82bcbcdc5df1672bc18c6291ad0f3

COCOAPODS: 1.11.2
