PODS:
  - Flutter (1.0.0)
  - Google-Mobile-Ads-SDK (9.13.0):
    - GoogleAppMeasurement (< 11.0, >= 7.0)
    - GoogleUserMessagingPlatform (>= 1.1)
  - google_mobile_ads (0.0.1):
    - Flutter
    - Google-Mobile-Ads-SDK (~> 9.13)
  - GoogleAppMeasurement (10.2.0):
    - GoogleAppMeasurement/AdIdSupport (= 10.2.0)
    - GoogleUtilities/AppDelegateSwizzler (~> 7.8)
    - GoogleUtilities/MethodSwizzler (~> 7.8)
    - GoogleUtilities/Network (~> 7.8)
    - "GoogleUtilities/NSData+zlib (~> 7.8)"
    - nanopb (< 2.30910.0, >= 2.30908.0)
  - GoogleAppMeasurement/AdIdSupport (10.2.0):
    - GoogleAppMeasurement/WithoutAdIdSupport (= 10.2.0)
    - GoogleUtilities/AppDelegateSwizzler (~> 7.8)
    - GoogleUtilities/MethodSwizzler (~> 7.8)
    - GoogleUtilities/Network (~> 7.8)
    - "GoogleUtilities/NSData+zlib (~> 7.8)"
    - nanopb (< 2.30910.0, >= 2.30908.0)
  - GoogleAppMeasurement/WithoutAdIdSupport (10.2.0):
    - GoogleUtilities/AppDelegateSwizzler (~> 7.8)
    - GoogleUtilities/MethodSwizzler (~> 7.8)
    - GoogleUtilities/Network (~> 7.8)
    - "GoogleUtilities/NSData+zlib (~> 7.8)"
    - nanopb (< 2.30910.0, >= 2.30908.0)
  - GoogleUserMessagingPlatform (2.0.1)
  - GoogleUtilities/AppDelegateSwizzler (7.10.0):
    - GoogleUtilities/Environment
    - GoogleUtilities/Logger
    - GoogleUtilities/Network
  - GoogleUtilities/Environment (7.10.0):
    - PromisesObjC (< 3.0, >= 1.2)
  - GoogleUtilities/Logger (7.10.0):
    - GoogleUtilities/Environment
  - GoogleUtilities/MethodSwizzler (7.10.0):
    - GoogleUtilities/Logger
  - GoogleUtilities/Network (7.10.0):
    - GoogleUtilities/Logger
    - "GoogleUtilities/NSData+zlib"
    - GoogleUtilities/Reachability
  - "GoogleUtilities/NSData+zlib (7.10.0)"
  - GoogleUtilities/Reachability (7.10.0):
    - GoogleUtilities/Logger
  - nanopb (2.30909.0):
    - nanopb/decode (= 2.30909.0)
    - nanopb/encode (= 2.30909.0)
  - nanopb/decode (2.30909.0)
  - nanopb/encode (2.30909.0)
  - PromisesObjC (2.1.1)
  - teads_admob_adapter (0.0.1):
    - Flutter
    - google_mobile_ads
    - TeadsAdMobAdapter (>= 5.0.22)
  - teads_sdk_flutter (1.0.1):
    - Flutter
    - TeadsSDK (>= 5.0.22)
  - TeadsAdMobAdapter (5.0.22):
    - Google-Mobile-Ads-SDK (>= 9.0.0)
    - TeadsSDK (= 5.0.22)
  - TeadsSDK (5.0.22):
    - TeadsSDK/Core (= 5.0.22)
  - TeadsSDK/Core (5.0.22)

DEPENDENCIES:
  - Flutter (from `Flutter`)
  - google_mobile_ads (from `.symlinks/plugins/google_mobile_ads/ios`)
  - teads_admob_adapter (from `.symlinks/plugins/teads_admob_adapter/ios`)
  - teads_sdk_flutter (from `.symlinks/plugins/teads_sdk_flutter/ios`)

SPEC REPOS:
  trunk:
    - Google-Mobile-Ads-SDK
    - GoogleAppMeasurement
    - GoogleUserMessagingPlatform
    - GoogleUtilities
    - nanopb
    - PromisesObjC
    - TeadsAdMobAdapter
    - TeadsSDK

EXTERNAL SOURCES:
  Flutter:
    :path: Flutter
  google_mobile_ads:
    :path: ".symlinks/plugins/google_mobile_ads/ios"
  teads_admob_adapter:
    :path: ".symlinks/plugins/teads_admob_adapter/ios"
  teads_sdk_flutter:
    :path: ".symlinks/plugins/teads_sdk_flutter/ios"

SPEC CHECKSUMS:
  Flutter: f04841e97a9d0b0a8025694d0796dd46242b2854
  Google-Mobile-Ads-SDK: 465532d33dfc878f2f9aca281fddbcd4bf9c0197
  google_mobile_ads: 6bfe04d9c9fd5c2a026e6f09ca2d97ae25b78f7e
  GoogleAppMeasurement: 3bc3a6484b7bb20dd8489242c4dd3c92a3e5107b
  GoogleUserMessagingPlatform: 5f8b30daf181805317b6b985bb51c1ff3beca054
  GoogleUtilities: bad72cb363809015b1f7f19beb1f1cd23c589f95
  nanopb: b552cce312b6c8484180ef47159bc0f65a1f0431
  PromisesObjC: ab77feca74fa2823e7af4249b8326368e61014cb
  teads_admob_adapter: 8af3e282e93597383fdacf053da228b57b6e9a58
  teads_sdk_flutter: fa9c6a35a9053684676a7ea49e58303859bbaa85
  TeadsAdMobAdapter: cc013e437e049e573f27487a9d070d1d5d7fd122
  TeadsSDK: 79aaa55480d1c192b4fc7962f521910c41361358

PODFILE CHECKSUM: 5cf11b41c1a82bcbcdc5df1672bc18c6291ad0f3

COCOAPODS: 1.11.2
