PODS:
  - Flutter (1.0.0)
  - teads_sdk_flutter (0.0.1):
    - Flutter
    - TeadsSDK (~> 5.0.14)
  - TeadsSDK (5.0.17):
    - TeadsSDK/Core (= 5.0.17)
  - TeadsSDK/Core (5.0.17)

DEPENDENCIES:
  - Flutter (from `Flutter`)
  - teads_sdk_flutter (from `.symlinks/plugins/teads_sdk_flutter/ios`)
  - TeadsSDK (from `/Users/thibaud.saint-etienne/Projects/Teads/service-inapp-sdk-ios`)

EXTERNAL SOURCES:
  Flutter:
    :path: Flutter
  teads_sdk_flutter:
    :path: ".symlinks/plugins/teads_sdk_flutter/ios"
  TeadsSDK:
    :path: "/Users/thibaud.saint-etienne/Projects/Teads/service-inapp-sdk-ios"

SPEC CHECKSUMS:
  Flutter: 50d75fe2f02b26cc09d224853bb45737f8b3214a
  teads_sdk_flutter: 7553ac951ce05d27663e1175abcb3fa2e2b265f9
  TeadsSDK: 0d436bc21348eace249eac876ed4f5d2cb274276

PODFILE CHECKSUM: ed22d15c480c00345537ab76241490eab9f6d285

COCOAPODS: 1.11.2
