PODS:
  - Flutter (1.0.0)
  - teads_sdk_flutter (1.0.1):
    - Flutter
    - TeadsSDK (>= 5.0.22)
  - TeadsSDK (5.0.22):
    - TeadsSDK/Core (= 5.0.22)
  - TeadsSDK/Core (5.0.22)

DEPENDENCIES:
  - Flutter (from `Flutter`)
  - teads_sdk_flutter (from `.symlinks/plugins/teads_sdk_flutter/ios`)

SPEC REPOS:
  trunk:
    - TeadsSDK

EXTERNAL SOURCES:
  Flutter:
    :path: Flutter
  teads_sdk_flutter:
    :path: ".symlinks/plugins/teads_sdk_flutter/ios"

SPEC CHECKSUMS:
  Flutter: f04841e97a9d0b0a8025694d0796dd46242b2854
  teads_sdk_flutter: fa9c6a35a9053684676a7ea49e58303859bbaa85
  TeadsSDK: 79aaa55480d1c192b4fc7962f521910c41361358

PODFILE CHECKSUM: fe0e1ee7f3d1f7d00b11b474b62dd62134535aea

COCOAPODS: 1.11.2
