PODS:
  - Flutter (1.0.0)
  - teads_sdk_flutter (1.0.5):
    - Flutter
    - TeadsSDK (>= 5.0.23)
  - TeadsSDK (5.0.23):
    - TeadsSDK/Core (= 5.0.23)
  - TeadsSDK/Core (5.0.23)

DEPENDENCIES:
  - Flutter (from `Flutter`)
  - teads_sdk_flutter (from `.symlinks/plugins/teads_sdk_flutter/ios`)

SPEC REPOS:
  trunk:
    - TeadsSDK

EXTERNAL SOURCES:
  Flutter:
    :path: Flutter
  teads_sdk_flutter:
    :path: ".symlinks/plugins/teads_sdk_flutter/ios"

SPEC CHECKSUMS:
  Flutter: f04841e97a9d0b0a8025694d0796dd46242b2854
  teads_sdk_flutter: 39979359c25e5a7015c8ce3c30d8b3dbf0e01d78
  TeadsSDK: 7c587b17672eae22bb81d05ddb6e969d01a64f77

PODFILE CHECKSUM: ef19549a9bc3046e7bb7d2fab4d021637c0c58a3

COCOAPODS: 1.11.2
